
Microsoft Visual Studio Solution File, Format Version 12.00
# Visual Studio 15
VisualStudioVersion = 15.0.27703.2035
MinimumVisualStudioVersion = 10.0.40219.1
Project("{FAE04EC0-301F-11D3-BF4B-00C04F79EFBC}") = "XF.Hello.Android", "XF.Hello\XF.Hello.Android\XF.Hello.Android.csproj", "{1AD32A34-B233-40D7-9DB7-7908562E85E9}"
EndProject
Project("{FAE04EC0-301F-11D3-BF4B-00C04F79EFBC}") = "XF.Hello.iOS", "XF.Hello\XF.Hello.iOS\XF.Hello.iOS.csproj", "{DA839690-84FA-4D69-8B48-B61412D8C94D}"
EndProject
Project("{FAE04EC0-301F-11D3-BF4B-00C04F79EFBC}") = "XF.Hello", "XF.Hello\XF.Hello\XF.Hello.csproj", "{0D3CCCB6-7FFB-4460-A1F4-E3581DBE57CE}"
EndProject
Global
	GlobalSection(SolutionConfigurationPlatforms) = preSolution
		Ad-Hoc|Any CPU = Ad-Hoc|Any CPU
		Ad-Hoc|iPhone = Ad-Hoc|iPhone
		Ad-Hoc|iPhoneSimulator = Ad-Hoc|iPhoneSimulator
		AppStore|Any CPU = AppStore|Any CPU
		AppStore|iPhone = AppStore|iPhone
		AppStore|iPhoneSimulator = AppStore|iPhoneSimulator
		Debug|Any CPU = Debug|Any CPU
		Debug|iPhone = Debug|iPhone
		Debug|iPhoneSimulator = Debug|iPhoneSimulator
		Release|Any CPU = Release|Any CPU
		Release|iPhone = Release|iPhone
		Release|iPhoneSimulator = Release|iPhoneSimulator
	EndGlobalSection
	GlobalSection(ProjectConfigurationPlatforms) = postSolution
		{1AD32A34-B233-40D7-9DB7-7908562E85E9}.Ad-Hoc|Any CPU.ActiveCfg = Release|Any CPU
		{1AD32A34-B233-40D7-9DB7-7908562E85E9}.Ad-Hoc|Any CPU.Build.0 = Release|Any CPU
		{1AD32A34-B233-40D7-9DB7-7908562E85E9}.Ad-Hoc|Any CPU.Deploy.0 = Release|Any CPU
		{1AD32A34-B233-40D7-9DB7-7908562E85E9}.Ad-Hoc|iPhone.ActiveCfg = Release|Any CPU
		{1AD32A34-B233-40D7-9DB7-7908562E85E9}.Ad-Hoc|iPhone.Build.0 = Release|Any CPU
		{1AD32A34-B233-40D7-9DB7-7908562E85E9}.Ad-Hoc|iPhone.Deploy.0 = Release|Any CPU
		{1AD32A34-B233-40D7-9DB7-7908562E85E9}.Ad-Hoc|iPhoneSimulator.ActiveCfg = Release|Any CPU
		{1AD32A34-B233-40D7-9DB7-7908562E85E9}.Ad-Hoc|iPhoneSimulator.Build.0 = Release|Any CPU
		{1AD32A34-B233-40D7-9DB7-7908562E85E9}.Ad-Hoc|iPhoneSimulator.Deploy.0 = Release|Any CPU
		{1AD32A34-B233-40D7-9DB7-7908562E85E9}.AppStore|Any CPU.ActiveCfg = Release|Any CPU
		{1AD32A34-B233-40D7-9DB7-7908562E85E9}.AppStore|Any CPU.Build.0 = Release|Any CPU
		{1AD32A34-B233-40D7-9DB7-7908562E85E9}.AppStore|Any CPU.Deploy.0 = Release|Any CPU
		{1AD32A34-B233-40D7-9DB7-7908562E85E9}.AppStore|iPhone.ActiveCfg = Release|Any CPU
		{1AD32A34-B233-40D7-9DB7-7908562E85E9}.AppStore|iPhone.Build.0 = Release|Any CPU
		{1AD32A34-B233-40D7-9DB7-7908562E85E9}.AppStore|iPhone.Deploy.0 = Release|Any CPU
		{1AD32A34-B233-40D7-9DB7-7908562E85E9}.AppStore|iPhoneSimulator.ActiveCfg = Release|Any CPU
		{1AD32A34-B233-40D7-9DB7-7908562E85E9}.AppStore|iPhoneSimulator.Build.0 = Release|Any CPU
		{1AD32A34-B233-40D7-9DB7-7908562E85E9}.AppStore|iPhoneSimulator.Deploy.0 = Release|Any CPU
		{1AD32A34-B233-40D7-9DB7-7908562E85E9}.Debug|Any CPU.ActiveCfg = Debug|Any CPU
		{1AD32A34-B233-40D7-9DB7-7908562E85E9}.Debug|Any CPU.Build.0 = Debug|Any CPU
		{1AD32A34-B233-40D7-9DB7-7908562E85E9}.Debug|Any CPU.Deploy.0 = Debug|Any CPU
		{1AD32A34-B233-40D7-9DB7-7908562E85E9}.Debug|iPhone.ActiveCfg = Debug|Any CPU
		{1AD32A34-B233-40D7-9DB7-7908562E85E9}.Debug|iPhone.Build.0 = Debug|Any CPU
		{1AD32A34-B233-40D7-9DB7-7908562E85E9}.Debug|iPhone.Deploy.0 = Debug|Any CPU
		{1AD32A34-B233-40D7-9DB7-7908562E85E9}.Debug|iPhoneSimulator.ActiveCfg = Debug|Any CPU
		{1AD32A34-B233-40D7-9DB7-7908562E85E9}.Debug|iPhoneSimulator.Build.0 = Debug|Any CPU
		{1AD32A34-B233-40D7-9DB7-7908562E85E9}.Debug|iPhoneSimulator.Deploy.0 = Debug|Any CPU
		{1AD32A34-B233-40D7-9DB7-7908562E85E9}.Release|Any CPU.ActiveCfg = Release|Any CPU
		{1AD32A34-B233-40D7-9DB7-7908562E85E9}.Release|Any CPU.Build.0 = Release|Any CPU
		{1AD32A34-B233-40D7-9DB7-7908562E85E9}.Release|Any CPU.Deploy.0 = Release|Any CPU
		{1AD32A34-B233-40D7-9DB7-7908562E85E9}.Release|iPhone.ActiveCfg = Release|Any CPU
		{1AD32A34-B233-40D7-9DB7-7908562E85E9}.Release|iPhone.Build.0 = Release|Any CPU
		{1AD32A34-B233-40D7-9DB7-7908562E85E9}.Release|iPhone.Deploy.0 = Release|Any CPU
		{1AD32A34-B233-40D7-9DB7-7908562E85E9}.Release|iPhoneSimulator.ActiveCfg = Release|Any CPU
		{1AD32A34-B233-40D7-9DB7-7908562E85E9}.Release|iPhoneSimulator.Build.0 = Release|Any CPU
		{1AD32A34-B233-40D7-9DB7-7908562E85E9}.Release|iPhoneSimulator.Deploy.0 = Release|Any CPU
		{DA839690-84FA-4D69-8B48-B61412D8C94D}.Ad-Hoc|Any CPU.ActiveCfg = Ad-Hoc|iPhone
		{DA839690-84FA-4D69-8B48-B61412D8C94D}.Ad-Hoc|Any CPU.Build.0 = Ad-Hoc|iPhone
		{DA839690-84FA-4D69-8B48-B61412D8C94D}.Ad-Hoc|Any CPU.Deploy.0 = Ad-Hoc|iPhone
		{DA839690-84FA-4D69-8B48-B61412D8C94D}.Ad-Hoc|iPhone.ActiveCfg = Ad-Hoc|iPhone
		{DA839690-84FA-4D69-8B48-B61412D8C94D}.Ad-Hoc|iPhone.Build.0 = Ad-Hoc|iPhone
		{DA839690-84FA-4D69-8B48-B61412D8C94D}.Ad-Hoc|iPhone.Deploy.0 = Ad-Hoc|iPhone
		{DA839690-84FA-4D69-8B48-B61412D8C94D}.Ad-Hoc|iPhoneSimulator.ActiveCfg = Ad-Hoc|iPhoneSimulator
		{DA839690-84FA-4D69-8B48-B61412D8C94D}.Ad-Hoc|iPhoneSimulator.Build.0 = Ad-Hoc|iPhoneSimulator
		{DA839690-84FA-4D69-8B48-B61412D8C94D}.Ad-Hoc|iPhoneSimulator.Deploy.0 = Ad-Hoc|iPhoneSimulator
		{DA839690-84FA-4D69-8B48-B61412D8C94D}.AppStore|Any CPU.ActiveCfg = AppStore|iPhone
		{DA839690-84FA-4D69-8B48-B61412D8C94D}.AppStore|Any CPU.Build.0 = AppStore|iPhone
		{DA839690-84FA-4D69-8B48-B61412D8C94D}.AppStore|Any CPU.Deploy.0 = AppStore|iPhone
		{DA839690-84FA-4D69-8B48-B61412D8C94D}.AppStore|iPhone.ActiveCfg = AppStore|iPhone
		{DA839690-84FA-4D69-8B48-B61412D8C94D}.AppStore|iPhone.Build.0 = AppStore|iPhone
		{DA839690-84FA-4D69-8B48-B61412D8C94D}.AppStore|iPhone.Deploy.0 = AppStore|iPhone
		{DA839690-84FA-4D69-8B48-B61412D8C94D}.AppStore|iPhoneSimulator.ActiveCfg = AppStore|iPhoneSimulator
		{DA839690-84FA-4D69-8B48-B61412D8C94D}.AppStore|iPhoneSimulator.Build.0 = AppStore|iPhoneSimulator
		{DA839690-84FA-4D69-8B48-B61412D8C94D}.AppStore|iPhoneSimulator.Deploy.0 = AppStore|iPhoneSimulator
		{DA839690-84FA-4D69-8B48-B61412D8C94D}.Debug|Any CPU.ActiveCfg = Debug|iPhoneSimulator
		{DA839690-84FA-4D69-8B48-B61412D8C94D}.Debug|Any CPU.Build.0 = Debug|iPhoneSimulator
		{DA839690-84FA-4D69-8B48-B61412D8C94D}.Debug|Any CPU.Deploy.0 = Debug|iPhoneSimulator
		{DA839690-84FA-4D69-8B48-B61412D8C94D}.Debug|iPhone.ActiveCfg = Debug|iPhone
		{DA839690-84FA-4D69-8B48-B61412D8C94D}.Debug|iPhone.Build.0 = Debug|iPhone
		{DA839690-84FA-4D69-8B48-B61412D8C94D}.Debug|iPhone.Deploy.0 = Debug|iPhone
		{DA839690-84FA-4D69-8B48-B61412D8C94D}.Debug|iPhoneSimulator.ActiveCfg = Debug|iPhoneSimulator
		{DA839690-84FA-4D69-8B48-B61412D8C94D}.Debug|iPhoneSimulator.Build.0 = Debug|iPhoneSimulator
		{DA839690-84FA-4D69-8B48-B61412D8C94D}.Debug|iPhoneSimulator.Deploy.0 = Debug|iPhoneSimulator
		{DA839690-84FA-4D69-8B48-B61412D8C94D}.Release|Any CPU.ActiveCfg = Release|iPhone
		{DA839690-84FA-4D69-8B48-B61412D8C94D}.Release|Any CPU.Build.0 = Release|iPhone
		{DA839690-84FA-4D69-8B48-B61412D8C94D}.Release|Any CPU.Deploy.0 = Release|iPhone
		{DA839690-84FA-4D69-8B48-B61412D8C94D}.Release|iPhone.ActiveCfg = Release|iPhone
		{DA839690-84FA-4D69-8B48-B61412D8C94D}.Release|iPhone.Build.0 = Release|iPhone
		{DA839690-84FA-4D69-8B48-B61412D8C94D}.Release|iPhone.Deploy.0 = Release|iPhone
		{DA839690-84FA-4D69-8B48-B61412D8C94D}.Release|iPhoneSimulator.ActiveCfg = Release|iPhoneSimulator
		{DA839690-84FA-4D69-8B48-B61412D8C94D}.Release|iPhoneSimulator.Build.0 = Release|iPhoneSimulator
		{DA839690-84FA-4D69-8B48-B61412D8C94D}.Release|iPhoneSimulator.Deploy.0 = Release|iPhoneSimulator
		{0D3CCCB6-7FFB-4460-A1F4-E3581DBE57CE}.Ad-Hoc|Any CPU.ActiveCfg = Debug|Any CPU
		{0D3CCCB6-7FFB-4460-A1F4-E3581DBE57CE}.Ad-Hoc|Any CPU.Build.0 = Debug|Any CPU
		{0D3CCCB6-7FFB-4460-A1F4-E3581DBE57CE}.Ad-Hoc|Any CPU.Deploy.0 = Debug|Any CPU
		{0D3CCCB6-7FFB-4460-A1F4-E3581DBE57CE}.Ad-Hoc|iPhone.ActiveCfg = Debug|Any CPU
		{0D3CCCB6-7FFB-4460-A1F4-E3581DBE57CE}.Ad-Hoc|iPhone.Build.0 = Debug|Any CPU
		{0D3CCCB6-7FFB-4460-A1F4-E3581DBE57CE}.Ad-Hoc|iPhone.Deploy.0 = Debug|Any CPU
		{0D3CCCB6-7FFB-4460-A1F4-E3581DBE57CE}.Ad-Hoc|iPhoneSimulator.ActiveCfg = Debug|Any CPU
		{0D3CCCB6-7FFB-4460-A1F4-E3581DBE57CE}.Ad-Hoc|iPhoneSimulator.Build.0 = Debug|Any CPU
		{0D3CCCB6-7FFB-4460-A1F4-E3581DBE57CE}.Ad-Hoc|iPhoneSimulator.Deploy.0 = Debug|Any CPU
		{0D3CCCB6-7FFB-4460-A1F4-E3581DBE57CE}.AppStore|Any CPU.ActiveCfg = Debug|Any CPU
		{0D3CCCB6-7FFB-4460-A1F4-E3581DBE57CE}.AppStore|Any CPU.Build.0 = Debug|Any CPU
		{0D3CCCB6-7FFB-4460-A1F4-E3581DBE57CE}.AppStore|Any CPU.Deploy.0 = Debug|Any CPU
		{0D3CCCB6-7FFB-4460-A1F4-E3581DBE57CE}.AppStore|iPhone.ActiveCfg = Debug|Any CPU
		{0D3CCCB6-7FFB-4460-A1F4-E3581DBE57CE}.AppStore|iPhone.Build.0 = Debug|Any CPU
		{0D3CCCB6-7FFB-4460-A1F4-E3581DBE57CE}.AppStore|iPhone.Deploy.0 = Debug|Any CPU
		{0D3CCCB6-7FFB-4460-A1F4-E3581DBE57CE}.AppStore|iPhoneSimulator.ActiveCfg = Debug|Any CPU
		{0D3CCCB6-7FFB-4460-A1F4-E3581DBE57CE}.AppStore|iPhoneSimulator.Build.0 = Debug|Any CPU
		{0D3CCCB6-7FFB-4460-A1F4-E3581DBE57CE}.AppStore|iPhoneSimulator.Deploy.0 = Debug|Any CPU
		{0D3CCCB6-7FFB-4460-A1F4-E3581DBE57CE}.Debug|Any CPU.ActiveCfg = Debug|Any CPU
		{0D3CCCB6-7FFB-4460-A1F4-E3581DBE57CE}.Debug|Any CPU.Build.0 = Debug|Any CPU
		{0D3CCCB6-7FFB-4460-A1F4-E3581DBE57CE}.Debug|Any CPU.Deploy.0 = Debug|Any CPU
		{0D3CCCB6-7FFB-4460-A1F4-E3581DBE57CE}.Debug|iPhone.ActiveCfg = Debug|Any CPU
		{0D3CCCB6-7FFB-4460-A1F4-E3581DBE57CE}.Debug|iPhone.Build.0 = Debug|Any CPU
		{0D3CCCB6-7FFB-4460-A1F4-E3581DBE57CE}.Debug|iPhone.Deploy.0 = Debug|Any CPU
		{0D3CCCB6-7FFB-4460-A1F4-E3581DBE57CE}.Debug|iPhoneSimulator.ActiveCfg = Debug|Any CPU
		{0D3CCCB6-7FFB-4460-A1F4-E3581DBE57CE}.Debug|iPhoneSimulator.Build.0 = Debug|Any CPU
		{0D3CCCB6-7FFB-4460-A1F4-E3581DBE57CE}.Debug|iPhoneSimulator.Deploy.0 = Debug|Any CPU
		{0D3CCCB6-7FFB-4460-A1F4-E3581DBE57CE}.Release|Any CPU.ActiveCfg = Release|Any CPU
		{0D3CCCB6-7FFB-4460-A1F4-E3581DBE57CE}.Release|Any CPU.Build.0 = Release|Any CPU
		{0D3CCCB6-7FFB-4460-A1F4-E3581DBE57CE}.Release|Any CPU.Deploy.0 = Release|Any CPU
		{0D3CCCB6-7FFB-4460-A1F4-E3581DBE57CE}.Release|iPhone.ActiveCfg = Release|Any CPU
		{0D3CCCB6-7FFB-4460-A1F4-E3581DBE57CE}.Release|iPhone.Build.0 = Release|Any CPU
		{0D3CCCB6-7FFB-4460-A1F4-E3581DBE57CE}.Release|iPhone.Deploy.0 = Release|Any CPU
		{0D3CCCB6-7FFB-4460-A1F4-E3581DBE57CE}.Release|iPhoneSimulator.ActiveCfg = Release|Any CPU
		{0D3CCCB6-7FFB-4460-A1F4-E3581DBE57CE}.Release|iPhoneSimulator.Build.0 = Release|Any CPU
		{0D3CCCB6-7FFB-4460-A1F4-E3581DBE57CE}.Release|iPhoneSimulator.Deploy.0 = Release|Any CPU
	EndGlobalSection
	GlobalSection(SolutionProperties) = preSolution
		HideSolutionNode = FALSE
	EndGlobalSection
	GlobalSection(ExtensibilityGlobals) = postSolution
		SolutionGuid = {469D1457-C806-4DB9-8C48-E3412704ECCE}
	EndGlobalSection
EndGlobal
